
Microsoft Visual Studio Solution File, Format Version 12.00
# Visual Studio 15
Project("{FAE04EC0-301F-11D3-BF4B-00C04F79EFBC}") = "WarriorProof", "WarriorProof\WarriorProof.csproj", "{84876741-96A2-40BF-99D3-4FD064BC48A5}"
EndProject
Project("{FAE04EC0-301F-11D3-BF4B-00C04F79EFBC}") = "WarriorProof.Business", "WarriorProof.Business\WarriorProof.Business.csproj", "{20A429C3-7B62-434A-A83B-6B75CBB7971C}"
EndProject
Project("{FAE04EC0-301F-11D3-BF4B-00C04F79EFBC}") = "WarriorProof.Contacts", "WarriorProof.Contacts\WarriorProof.Contacts.csproj", "{429C0CBE-6F34-4E4A-92E0-F9FB99D34F1D}"
EndProject
Project("{FAE04EC0-301F-11D3-BF4B-00C04F79EFBC}") = "WarriorProof.DBRepository", "WarriorProof.DBRepository\WarriorProof.DBRepository.csproj", "{C223988B-6955-4AC4-9953-73BAE2DA0F76}"
EndProject
Global
	GlobalSection(SolutionConfigurationPlatforms) = preSolution
		Debug|Any CPU = Debug|Any CPU
		Release|Any CPU = Release|Any CPU
	EndGlobalSection
	GlobalSection(ProjectConfigurationPlatforms) = postSolution
		{84876741-96A2-40BF-99D3-4FD064BC48A5}.Debug|Any CPU.ActiveCfg = Debug|Any CPU
		{84876741-96A2-40BF-99D3-4FD064BC48A5}.Debug|Any CPU.Build.0 = Debug|Any CPU
		{84876741-96A2-40BF-99D3-4FD064BC48A5}.Release|Any CPU.ActiveCfg = Release|Any CPU
		{84876741-96A2-40BF-99D3-4FD064BC48A5}.Release|Any CPU.Build.0 = Release|Any CPU
		{20A429C3-7B62-434A-A83B-6B75CBB7971C}.Debug|Any CPU.ActiveCfg = Debug|Any CPU
		{20A429C3-7B62-434A-A83B-6B75CBB7971C}.Debug|Any CPU.Build.0 = Debug|Any CPU
		{20A429C3-7B62-434A-A83B-6B75CBB7971C}.Release|Any CPU.ActiveCfg = Release|Any CPU
		{20A429C3-7B62-434A-A83B-6B75CBB7971C}.Release|Any CPU.Build.0 = Release|Any CPU
		{429C0CBE-6F34-4E4A-92E0-F9FB99D34F1D}.Debug|Any CPU.ActiveCfg = Debug|Any CPU
		{429C0CBE-6F34-4E4A-92E0-F9FB99D34F1D}.Debug|Any CPU.Build.0 = Debug|Any CPU
		{429C0CBE-6F34-4E4A-92E0-F9FB99D34F1D}.Release|Any CPU.ActiveCfg = Release|Any CPU
		{429C0CBE-6F34-4E4A-92E0-F9FB99D34F1D}.Release|Any CPU.Build.0 = Release|Any CPU
		{C223988B-6955-4AC4-9953-73BAE2DA0F76}.Debug|Any CPU.ActiveCfg = Debug|Any CPU
		{C223988B-6955-4AC4-9953-73BAE2DA0F76}.Debug|Any CPU.Build.0 = Debug|Any CPU
		{C223988B-6955-4AC4-9953-73BAE2DA0F76}.Release|Any CPU.ActiveCfg = Release|Any CPU
		{C223988B-6955-4AC4-9953-73BAE2DA0F76}.Release|Any CPU.Build.0 = Release|Any CPU
	EndGlobalSection
EndGlobal
